
Microsoft Visual Studio Solution File, Format Version 12.00
# Visual Studio Version 16
VisualStudioVersion = 16.0.31424.327
MinimumVisualStudioVersion = 10.0.40219.1
Project("{2150E333-8FDC-42A3-9474-1A3956D46DE8}") = "Basics", "Basics", "{45D0934E-812E-4E8E-AED2-4AE7910FA6B9}"
EndProject
Project("{2150E333-8FDC-42A3-9474-1A3956D46DE8}") = "Bongo", "Bongo", "{E2EE489A-42F1-4F5F-BB0F-B9B3A3E0B9F3}"
EndProject
Project("{9A19103F-16F7-4668-BE54-9A1E7A4F7556}") = "Bongo.Web", "Bongo.Web\Bongo.Web.csproj", "{6A5E291E-62D4-4462-B3C2-DDF704C56294}"
EndProject
Project("{9A19103F-16F7-4668-BE54-9A1E7A4F7556}") = "Bongo.Core", "Bongo.Core\Bongo.Core.csproj", "{1E9E4975-C899-481C-AF49-6B394F7BE995}"
EndProject
Project("{9A19103F-16F7-4668-BE54-9A1E7A4F7556}") = "Bongo.DataAccess", "Bongo.DataAccess\Bongo.DataAccess.csproj", "{6C058AF4-2974-45A3-AA89-E2B5FF046BD7}"
EndProject
Project("{9A19103F-16F7-4668-BE54-9A1E7A4F7556}") = "Bongo.Models", "Bongo.Models\Bongo.Models.csproj", "{74F62CE8-EC16-4CEF-A142-0ECE9FCB745E}"
EndProject
Project("{9A19103F-16F7-4668-BE54-9A1E7A4F7556}") = "FirstNUnitTest", "FirstNUnitTest\FirstNUnitTest.csproj", "{59B67AA0-B97D-49A6-881B-B642F8A8F61E}"
EndProject
Project("{9A19103F-16F7-4668-BE54-9A1E7A4F7556}") = "FirstUnitMSTest", "FirstUnitMSTest\FirstUnitMSTest.csproj", "{09DD326A-8C86-4B9C-9E90-0463DCAC5BF0}"
EndProject
Project("{9A19103F-16F7-4668-BE54-9A1E7A4F7556}") = "FirstXUnitTest", "FirstXUnitTest\FirstXUnitTest.csproj", "{179429BB-ED4C-40A9-A685-C3A96AF12FEC}"
EndProject
Project("{9A19103F-16F7-4668-BE54-9A1E7A4F7556}") = "FirstUnitTest", "FirstUnitTest\FirstUnitTest.csproj", "{164968D3-7E58-4FA3-BA2D-CD8120239B48}"
EndProject
Project("{FAE04EC0-301F-11D3-BF4B-00C04F79EFBC}") = "Bongo.Models.Test", "Bongo.Models.Test\Bongo.Models.Test.csproj", "{1B3C3B15-CF26-4245-9EBF-FE7E8544B4E8}"
EndProject
Global
	GlobalSection(SolutionConfigurationPlatforms) = preSolution
		Debug|Any CPU = Debug|Any CPU
		Release|Any CPU = Release|Any CPU
	EndGlobalSection
	GlobalSection(ProjectConfigurationPlatforms) = postSolution
		{6A5E291E-62D4-4462-B3C2-DDF704C56294}.Debug|Any CPU.ActiveCfg = Debug|Any CPU
		{6A5E291E-62D4-4462-B3C2-DDF704C56294}.Debug|Any CPU.Build.0 = Debug|Any CPU
		{6A5E291E-62D4-4462-B3C2-DDF704C56294}.Release|Any CPU.ActiveCfg = Release|Any CPU
		{6A5E291E-62D4-4462-B3C2-DDF704C56294}.Release|Any CPU.Build.0 = Release|Any CPU
		{1E9E4975-C899-481C-AF49-6B394F7BE995}.Debug|Any CPU.ActiveCfg = Debug|Any CPU
		{1E9E4975-C899-481C-AF49-6B394F7BE995}.Debug|Any CPU.Build.0 = Debug|Any CPU
		{1E9E4975-C899-481C-AF49-6B394F7BE995}.Release|Any CPU.ActiveCfg = Release|Any CPU
		{1E9E4975-C899-481C-AF49-6B394F7BE995}.Release|Any CPU.Build.0 = Release|Any CPU
		{6C058AF4-2974-45A3-AA89-E2B5FF046BD7}.Debug|Any CPU.ActiveCfg = Debug|Any CPU
		{6C058AF4-2974-45A3-AA89-E2B5FF046BD7}.Debug|Any CPU.Build.0 = Debug|Any CPU
		{6C058AF4-2974-45A3-AA89-E2B5FF046BD7}.Release|Any CPU.ActiveCfg = Release|Any CPU
		{6C058AF4-2974-45A3-AA89-E2B5FF046BD7}.Release|Any CPU.Build.0 = Release|Any CPU
		{74F62CE8-EC16-4CEF-A142-0ECE9FCB745E}.Debug|Any CPU.ActiveCfg = Debug|Any CPU
		{74F62CE8-EC16-4CEF-A142-0ECE9FCB745E}.Debug|Any CPU.Build.0 = Debug|Any CPU
		{74F62CE8-EC16-4CEF-A142-0ECE9FCB745E}.Release|Any CPU.ActiveCfg = Release|Any CPU
		{74F62CE8-EC16-4CEF-A142-0ECE9FCB745E}.Release|Any CPU.Build.0 = Release|Any CPU
		{59B67AA0-B97D-49A6-881B-B642F8A8F61E}.Debug|Any CPU.ActiveCfg = Debug|Any CPU
		{59B67AA0-B97D-49A6-881B-B642F8A8F61E}.Debug|Any CPU.Build.0 = Debug|Any CPU
		{59B67AA0-B97D-49A6-881B-B642F8A8F61E}.Release|Any CPU.ActiveCfg = Release|Any CPU
		{59B67AA0-B97D-49A6-881B-B642F8A8F61E}.Release|Any CPU.Build.0 = Release|Any CPU
		{09DD326A-8C86-4B9C-9E90-0463DCAC5BF0}.Debug|Any CPU.ActiveCfg = Debug|Any CPU
		{09DD326A-8C86-4B9C-9E90-0463DCAC5BF0}.Debug|Any CPU.Build.0 = Debug|Any CPU
		{09DD326A-8C86-4B9C-9E90-0463DCAC5BF0}.Release|Any CPU.ActiveCfg = Release|Any CPU
		{09DD326A-8C86-4B9C-9E90-0463DCAC5BF0}.Release|Any CPU.Build.0 = Release|Any CPU
		{179429BB-ED4C-40A9-A685-C3A96AF12FEC}.Debug|Any CPU.ActiveCfg = Debug|Any CPU
		{179429BB-ED4C-40A9-A685-C3A96AF12FEC}.Debug|Any CPU.Build.0 = Debug|Any CPU
		{179429BB-ED4C-40A9-A685-C3A96AF12FEC}.Release|Any CPU.ActiveCfg = Release|Any CPU
		{179429BB-ED4C-40A9-A685-C3A96AF12FEC}.Release|Any CPU.Build.0 = Release|Any CPU
		{164968D3-7E58-4FA3-BA2D-CD8120239B48}.Debug|Any CPU.ActiveCfg = Debug|Any CPU
		{164968D3-7E58-4FA3-BA2D-CD8120239B48}.Debug|Any CPU.Build.0 = Debug|Any CPU
		{164968D3-7E58-4FA3-BA2D-CD8120239B48}.Release|Any CPU.ActiveCfg = Release|Any CPU
		{164968D3-7E58-4FA3-BA2D-CD8120239B48}.Release|Any CPU.Build.0 = Release|Any CPU
		{1B3C3B15-CF26-4245-9EBF-FE7E8544B4E8}.Debug|Any CPU.ActiveCfg = Debug|Any CPU
		{1B3C3B15-CF26-4245-9EBF-FE7E8544B4E8}.Debug|Any CPU.Build.0 = Debug|Any CPU
		{1B3C3B15-CF26-4245-9EBF-FE7E8544B4E8}.Release|Any CPU.ActiveCfg = Release|Any CPU
		{1B3C3B15-CF26-4245-9EBF-FE7E8544B4E8}.Release|Any CPU.Build.0 = Release|Any CPU
	EndGlobalSection
	GlobalSection(SolutionProperties) = preSolution
		HideSolutionNode = FALSE
	EndGlobalSection
	GlobalSection(NestedProjects) = preSolution
		{6A5E291E-62D4-4462-B3C2-DDF704C56294} = {E2EE489A-42F1-4F5F-BB0F-B9B3A3E0B9F3}
		{1E9E4975-C899-481C-AF49-6B394F7BE995} = {E2EE489A-42F1-4F5F-BB0F-B9B3A3E0B9F3}
		{6C058AF4-2974-45A3-AA89-E2B5FF046BD7} = {E2EE489A-42F1-4F5F-BB0F-B9B3A3E0B9F3}
		{74F62CE8-EC16-4CEF-A142-0ECE9FCB745E} = {E2EE489A-42F1-4F5F-BB0F-B9B3A3E0B9F3}
		{59B67AA0-B97D-49A6-881B-B642F8A8F61E} = {45D0934E-812E-4E8E-AED2-4AE7910FA6B9}
		{09DD326A-8C86-4B9C-9E90-0463DCAC5BF0} = {45D0934E-812E-4E8E-AED2-4AE7910FA6B9}
		{179429BB-ED4C-40A9-A685-C3A96AF12FEC} = {45D0934E-812E-4E8E-AED2-4AE7910FA6B9}
		{164968D3-7E58-4FA3-BA2D-CD8120239B48} = {45D0934E-812E-4E8E-AED2-4AE7910FA6B9}
		{1B3C3B15-CF26-4245-9EBF-FE7E8544B4E8} = {E2EE489A-42F1-4F5F-BB0F-B9B3A3E0B9F3}
	EndGlobalSection
	GlobalSection(ExtensibilityGlobals) = postSolution
		SolutionGuid = {4127715A-D6A9-46F7-9383-8A64084C7DBF}
	EndGlobalSection
EndGlobal
