
Microsoft Visual Studio Solution File, Format Version 12.00
# Visual Studio Version 16
VisualStudioVersion = 16.0.31424.327
MinimumVisualStudioVersion = 10.0.40219.1
Project("{9A19103F-16F7-4668-BE54-9A1E7A4F7556}") = "FirstUnitTest", "FirstUnitTest\FirstUnitTest.csproj", "{65C415CA-0810-44BC-A04C-C1902BDB2D86}"
EndProject
Project("{9A19103F-16F7-4668-BE54-9A1E7A4F7556}") = "FirstUnitMSTest", "FirstUnitMSTest\FirstUnitMSTest.csproj", "{82FBC82F-34C3-4768-B6C4-B7FA7BDC4858}"
EndProject
Project("{9A19103F-16F7-4668-BE54-9A1E7A4F7556}") = "FirstNUnitTest", "FirstNUnitTest\FirstNUnitTest.csproj", "{49522B29-F0EA-4116-BF61-5B8FFC469B89}"
EndProject
Project("{FAE04EC0-301F-11D3-BF4B-00C04F79EFBC}") = "FirstXUnitTest", "FirstXUnitTest\FirstXUnitTest.csproj", "{14DE871D-F773-4301-A41F-686B9493CC07}"
	ProjectSection(ProjectDependencies) = postProject
		{65C415CA-0810-44BC-A04C-C1902BDB2D86} = {65C415CA-0810-44BC-A04C-C1902BDB2D86}
	EndProjectSection
EndProject
Global
	GlobalSection(SolutionConfigurationPlatforms) = preSolution
		Debug|Any CPU = Debug|Any CPU
		Release|Any CPU = Release|Any CPU
	EndGlobalSection
	GlobalSection(ProjectConfigurationPlatforms) = postSolution
		{65C415CA-0810-44BC-A04C-C1902BDB2D86}.Debug|Any CPU.ActiveCfg = Debug|Any CPU
		{65C415CA-0810-44BC-A04C-C1902BDB2D86}.Debug|Any CPU.Build.0 = Debug|Any CPU
		{65C415CA-0810-44BC-A04C-C1902BDB2D86}.Release|Any CPU.ActiveCfg = Release|Any CPU
		{65C415CA-0810-44BC-A04C-C1902BDB2D86}.Release|Any CPU.Build.0 = Release|Any CPU
		{82FBC82F-34C3-4768-B6C4-B7FA7BDC4858}.Debug|Any CPU.ActiveCfg = Debug|Any CPU
		{82FBC82F-34C3-4768-B6C4-B7FA7BDC4858}.Debug|Any CPU.Build.0 = Debug|Any CPU
		{82FBC82F-34C3-4768-B6C4-B7FA7BDC4858}.Release|Any CPU.ActiveCfg = Release|Any CPU
		{82FBC82F-34C3-4768-B6C4-B7FA7BDC4858}.Release|Any CPU.Build.0 = Release|Any CPU
		{49522B29-F0EA-4116-BF61-5B8FFC469B89}.Debug|Any CPU.ActiveCfg = Debug|Any CPU
		{49522B29-F0EA-4116-BF61-5B8FFC469B89}.Debug|Any CPU.Build.0 = Debug|Any CPU
		{49522B29-F0EA-4116-BF61-5B8FFC469B89}.Release|Any CPU.ActiveCfg = Release|Any CPU
		{49522B29-F0EA-4116-BF61-5B8FFC469B89}.Release|Any CPU.Build.0 = Release|Any CPU
		{14DE871D-F773-4301-A41F-686B9493CC07}.Debug|Any CPU.ActiveCfg = Debug|Any CPU
		{14DE871D-F773-4301-A41F-686B9493CC07}.Debug|Any CPU.Build.0 = Debug|Any CPU
		{14DE871D-F773-4301-A41F-686B9493CC07}.Release|Any CPU.ActiveCfg = Release|Any CPU
		{14DE871D-F773-4301-A41F-686B9493CC07}.Release|Any CPU.Build.0 = Release|Any CPU
	EndGlobalSection
	GlobalSection(SolutionProperties) = preSolution
		HideSolutionNode = FALSE
	EndGlobalSection
	GlobalSection(ExtensibilityGlobals) = postSolution
		SolutionGuid = {4127715A-D6A9-46F7-9383-8A64084C7DBF}
	EndGlobalSection
EndGlobal
